
Microsoft Visual Studio Solution File, Format Version 12.00
# Visual Studio Version 17
VisualStudioVersion = 17.7.34031.279
MinimumVisualStudioVersion = 10.0.40219.1
Project("{FAE04EC0-301F-11D3-BF4B-00C04F79EFBC}") = "PCSDK_Exp_1", "PCSDK_Exp_1.csproj", "{076DAF17-718B-4378-895D-1E63F69FDF8C}"
EndProject
Global
	GlobalSection(SolutionConfigurationPlatforms) = preSolution
		Debug|Any CPU = Debug|Any CPU
		Release|Any CPU = Release|Any CPU
	EndGlobalSection
	GlobalSection(ProjectConfigurationPlatforms) = postSolution
		{076DAF17-718B-4378-895D-1E63F69FDF8C}.Debug|Any CPU.ActiveCfg = Debug|Any CPU
		{076DAF17-718B-4378-895D-1E63F69FDF8C}.Debug|Any CPU.Build.0 = Debug|Any CPU
		{076DAF17-718B-4378-895D-1E63F69FDF8C}.Release|Any CPU.ActiveCfg = Release|Any CPU
		{076DAF17-718B-4378-895D-1E63F69FDF8C}.Release|Any CPU.Build.0 = Release|Any CPU
	EndGlobalSection
	GlobalSection(SolutionProperties) = preSolution
		HideSolutionNode = FALSE
	EndGlobalSection
	GlobalSection(ExtensibilityGlobals) = postSolution
		SolutionGuid = {310817BE-0823-4220-B337-AA5F070CB26C}
	EndGlobalSection
EndGlobal
